
Microsoft Visual Studio Solution File, Format Version 12.00
# Visual Studio 2013
VisualStudioVersion = 12.0.31101.0
MinimumVisualStudioVersion = 10.0.40219.1
Project("{A0786B88-2ADB-4C21-ABE8-AA2D79766269}") = "rup-ssau", "rup-ssau.phpproj", "{BA37C79C-204C-427B-8078-38727D3BC184}"
EndProject
Global
	GlobalSection(SolutionConfigurationPlatforms) = preSolution
		Debug|Any CPU = Debug|Any CPU
		Release|Any CPU = Release|Any CPU
	EndGlobalSection
	GlobalSection(ProjectConfigurationPlatforms) = postSolution
		{BA37C79C-204C-427B-8078-38727D3BC184}.Debug|Any CPU.ActiveCfg = Debug|Any CPU
		{BA37C79C-204C-427B-8078-38727D3BC184}.Debug|Any CPU.Build.0 = Debug|Any CPU
		{BA37C79C-204C-427B-8078-38727D3BC184}.Release|Any CPU.ActiveCfg = Release|Any CPU
		{BA37C79C-204C-427B-8078-38727D3BC184}.Release|Any CPU.Build.0 = Release|Any CPU
	EndGlobalSection
	GlobalSection(SolutionProperties) = preSolution
		HideSolutionNode = FALSE
	EndGlobalSection
EndGlobal
